
Microsoft Visual Studio Solution File, Format Version 12.00
# Visual Studio Version 17
VisualStudioVersion = 17.0.31903.59
MinimumVisualStudioVersion = 10.0.40219.1
Project("{2150E333-8FDC-42A3-9474-1A3956D46DE8}") = "src", "src", "{EB6D2E7B-7089-40C1-B2E1-1CD45E1E7C50}"
EndProject
Project("{FAE04EC0-301F-11D3-BF4B-00C04F79EFBC}") = "AuctionService", "src\AuctionService\AuctionService.csproj", "{3D53A550-8162-411E-8EAF-3A5FBF0BBD68}"
EndProject
Project("{FAE04EC0-301F-11D3-BF4B-00C04F79EFBC}") = "SearchService", "src\SearchService\SearchService.csproj", "{E420EF9F-0217-4F6C-A77F-E8FCBD39FD12}"
EndProject
Project("{FAE04EC0-301F-11D3-BF4B-00C04F79EFBC}") = "Contracts", "src\Contracts\Contracts.csproj", "{2840F7A9-7847-47B4-9691-077EFB4B19B1}"
EndProject
Project("{FAE04EC0-301F-11D3-BF4B-00C04F79EFBC}") = "IdentityService", "src\IdentityService\IdentityService.csproj", "{6CA22FBE-B5CA-47F7-A22B-4998A9BA71F7}"
EndProject
Project("{FAE04EC0-301F-11D3-BF4B-00C04F79EFBC}") = "GatewayService", "src\GatewayService\GatewayService.csproj", "{14C029ED-8C55-4C98-8C2D-71AA5FA4BF3A}"
EndProject
Global
	GlobalSection(SolutionConfigurationPlatforms) = preSolution
		Debug|Any CPU = Debug|Any CPU
		Release|Any CPU = Release|Any CPU
	EndGlobalSection
	GlobalSection(SolutionProperties) = preSolution
		HideSolutionNode = FALSE
	EndGlobalSection
	GlobalSection(ProjectConfigurationPlatforms) = postSolution
		{3D53A550-8162-411E-8EAF-3A5FBF0BBD68}.Debug|Any CPU.ActiveCfg = Debug|Any CPU
		{3D53A550-8162-411E-8EAF-3A5FBF0BBD68}.Debug|Any CPU.Build.0 = Debug|Any CPU
		{3D53A550-8162-411E-8EAF-3A5FBF0BBD68}.Release|Any CPU.ActiveCfg = Release|Any CPU
		{3D53A550-8162-411E-8EAF-3A5FBF0BBD68}.Release|Any CPU.Build.0 = Release|Any CPU
		{E420EF9F-0217-4F6C-A77F-E8FCBD39FD12}.Debug|Any CPU.ActiveCfg = Debug|Any CPU
		{E420EF9F-0217-4F6C-A77F-E8FCBD39FD12}.Debug|Any CPU.Build.0 = Debug|Any CPU
		{E420EF9F-0217-4F6C-A77F-E8FCBD39FD12}.Release|Any CPU.ActiveCfg = Release|Any CPU
		{E420EF9F-0217-4F6C-A77F-E8FCBD39FD12}.Release|Any CPU.Build.0 = Release|Any CPU
		{2840F7A9-7847-47B4-9691-077EFB4B19B1}.Debug|Any CPU.ActiveCfg = Debug|Any CPU
		{2840F7A9-7847-47B4-9691-077EFB4B19B1}.Debug|Any CPU.Build.0 = Debug|Any CPU
		{2840F7A9-7847-47B4-9691-077EFB4B19B1}.Release|Any CPU.ActiveCfg = Release|Any CPU
		{2840F7A9-7847-47B4-9691-077EFB4B19B1}.Release|Any CPU.Build.0 = Release|Any CPU
		{6CA22FBE-B5CA-47F7-A22B-4998A9BA71F7}.Debug|Any CPU.ActiveCfg = Debug|Any CPU
		{6CA22FBE-B5CA-47F7-A22B-4998A9BA71F7}.Debug|Any CPU.Build.0 = Debug|Any CPU
		{6CA22FBE-B5CA-47F7-A22B-4998A9BA71F7}.Release|Any CPU.ActiveCfg = Release|Any CPU
		{6CA22FBE-B5CA-47F7-A22B-4998A9BA71F7}.Release|Any CPU.Build.0 = Release|Any CPU
		{14C029ED-8C55-4C98-8C2D-71AA5FA4BF3A}.Debug|Any CPU.ActiveCfg = Debug|Any CPU
		{14C029ED-8C55-4C98-8C2D-71AA5FA4BF3A}.Debug|Any CPU.Build.0 = Debug|Any CPU
		{14C029ED-8C55-4C98-8C2D-71AA5FA4BF3A}.Release|Any CPU.ActiveCfg = Release|Any CPU
		{14C029ED-8C55-4C98-8C2D-71AA5FA4BF3A}.Release|Any CPU.Build.0 = Release|Any CPU
	EndGlobalSection
	GlobalSection(NestedProjects) = preSolution
		{3D53A550-8162-411E-8EAF-3A5FBF0BBD68} = {EB6D2E7B-7089-40C1-B2E1-1CD45E1E7C50}
		{E420EF9F-0217-4F6C-A77F-E8FCBD39FD12} = {EB6D2E7B-7089-40C1-B2E1-1CD45E1E7C50}
		{2840F7A9-7847-47B4-9691-077EFB4B19B1} = {EB6D2E7B-7089-40C1-B2E1-1CD45E1E7C50}
		{6CA22FBE-B5CA-47F7-A22B-4998A9BA71F7} = {EB6D2E7B-7089-40C1-B2E1-1CD45E1E7C50}
		{14C029ED-8C55-4C98-8C2D-71AA5FA4BF3A} = {EB6D2E7B-7089-40C1-B2E1-1CD45E1E7C50}
	EndGlobalSection
EndGlobal
